
Microsoft Visual Studio Solution File, Format Version 12.00
# Visual Studio Version 17
VisualStudioVersion = 17.14.36221.1 d17.14
MinimumVisualStudioVersion = 10.0.40219.1
Project("{FAE04EC0-301F-11D3-BF4B-00C04F79EFBC}") = "Barcode", "Barcode\Barcode.csproj", "{FE77EBB0-0854-4438-967E-3E0C5BB2DF77}"
EndProject
Global
	GlobalSection(SolutionConfigurationPlatforms) = preSolution
		Debug|Any CPU = Debug|Any CPU
		Release|Any CPU = Release|Any CPU
	EndGlobalSection
	GlobalSection(ProjectConfigurationPlatforms) = postSolution
		{FE77EBB0-0854-4438-967E-3E0C5BB2DF77}.Debug|Any CPU.ActiveCfg = Debug|Any CPU
		{FE77EBB0-0854-4438-967E-3E0C5BB2DF77}.Debug|Any CPU.Build.0 = Debug|Any CPU
		{FE77EBB0-0854-4438-967E-3E0C5BB2DF77}.Release|Any CPU.ActiveCfg = Release|Any CPU
		{FE77EBB0-0854-4438-967E-3E0C5BB2DF77}.Release|Any CPU.Build.0 = Release|Any CPU
	EndGlobalSection
	GlobalSection(SolutionProperties) = preSolution
		HideSolutionNode = FALSE
	EndGlobalSection
	GlobalSection(ExtensibilityGlobals) = postSolution
		SolutionGuid = {DAEE04E2-1870-412E-B0C1-0A42B91F07FA}
	EndGlobalSection
EndGlobal
